
Microsoft Visual Studio Solution File, Format Version 12.00
# Visual Studio Version 17
VisualStudioVersion = 17.0.32014.148
MinimumVisualStudioVersion = 10.0.40219.1
Project("{9A19103F-16F7-4668-BE54-9A1E7A4F7556}") = "CarvedRock-RazorPages", "CarvedRock-RazorPages\CarvedRock-RazorPages.csproj", "{6735BB43-7EC9-4B91-B25D-BBF610B3393F}"
EndProject
Global
	GlobalSection(SolutionConfigurationPlatforms) = preSolution
		Debug|Any CPU = Debug|Any CPU
		Release|Any CPU = Release|Any CPU
	EndGlobalSection
	GlobalSection(ProjectConfigurationPlatforms) = postSolution
		{6735BB43-7EC9-4B91-B25D-BBF610B3393F}.Debug|Any CPU.ActiveCfg = Debug|Any CPU
		{6735BB43-7EC9-4B91-B25D-BBF610B3393F}.Debug|Any CPU.Build.0 = Debug|Any CPU
		{6735BB43-7EC9-4B91-B25D-BBF610B3393F}.Release|Any CPU.ActiveCfg = Release|Any CPU
		{6735BB43-7EC9-4B91-B25D-BBF610B3393F}.Release|Any CPU.Build.0 = Release|Any CPU
	EndGlobalSection
	GlobalSection(SolutionProperties) = preSolution
		HideSolutionNode = FALSE
	EndGlobalSection
	GlobalSection(ExtensibilityGlobals) = postSolution
		SolutionGuid = {9CE6571B-1F24-4E2C-B422-735E1D22D7F9}
	EndGlobalSection
EndGlobal
