
Microsoft Visual Studio Solution File, Format Version 12.00
# Visual Studio Version 17
VisualStudioVersion = 17.8.34309.116
MinimumVisualStudioVersion = 10.0.40219.1
Project("{9A19103F-16F7-4668-BE54-9A1E7A4F7556}") = "CarvedRock-BlazorFullStack", "CarvedRock-BlazorFullStack\CarvedRock-BlazorFullStack\CarvedRock-BlazorFullStack.csproj", "{7E9D9A33-045C-4D88-B3EC-5FD454610167}"
EndProject
Project("{9A19103F-16F7-4668-BE54-9A1E7A4F7556}") = "CarvedRock-BlazorFullStack.Client", "CarvedRock-BlazorFullStack\CarvedRock-BlazorFullStack.Client\CarvedRock-BlazorFullStack.Client.csproj", "{D31A65E9-075C-4693-A858-512D0588B431}"
EndProject
Project("{FAE04EC0-301F-11D3-BF4B-00C04F79EFBC}") = "CarvedRock-Shared", "CarvedRock-Shared\CarvedRock-Shared.csproj", "{F257885F-FD73-4A26-8F95-047F33EE546A}"
EndProject
Global
	GlobalSection(SolutionConfigurationPlatforms) = preSolution
		Debug|Any CPU = Debug|Any CPU
		Release|Any CPU = Release|Any CPU
	EndGlobalSection
	GlobalSection(ProjectConfigurationPlatforms) = postSolution
		{7E9D9A33-045C-4D88-B3EC-5FD454610167}.Debug|Any CPU.ActiveCfg = Debug|Any CPU
		{7E9D9A33-045C-4D88-B3EC-5FD454610167}.Debug|Any CPU.Build.0 = Debug|Any CPU
		{7E9D9A33-045C-4D88-B3EC-5FD454610167}.Release|Any CPU.ActiveCfg = Release|Any CPU
		{7E9D9A33-045C-4D88-B3EC-5FD454610167}.Release|Any CPU.Build.0 = Release|Any CPU
		{D31A65E9-075C-4693-A858-512D0588B431}.Debug|Any CPU.ActiveCfg = Debug|Any CPU
		{D31A65E9-075C-4693-A858-512D0588B431}.Debug|Any CPU.Build.0 = Debug|Any CPU
		{D31A65E9-075C-4693-A858-512D0588B431}.Release|Any CPU.ActiveCfg = Release|Any CPU
		{D31A65E9-075C-4693-A858-512D0588B431}.Release|Any CPU.Build.0 = Release|Any CPU
		{F257885F-FD73-4A26-8F95-047F33EE546A}.Debug|Any CPU.ActiveCfg = Debug|Any CPU
		{F257885F-FD73-4A26-8F95-047F33EE546A}.Debug|Any CPU.Build.0 = Debug|Any CPU
		{F257885F-FD73-4A26-8F95-047F33EE546A}.Release|Any CPU.ActiveCfg = Release|Any CPU
		{F257885F-FD73-4A26-8F95-047F33EE546A}.Release|Any CPU.Build.0 = Release|Any CPU
	EndGlobalSection
	GlobalSection(SolutionProperties) = preSolution
		HideSolutionNode = FALSE
	EndGlobalSection
	GlobalSection(ExtensibilityGlobals) = postSolution
		SolutionGuid = {316FC7BF-1E45-47E8-AFAE-BAFA6D64F6D4}
	EndGlobalSection
EndGlobal
